
Microsoft Visual Studio Solution File, Format Version 12.00
# Visual Studio 15
VisualStudioVersion = 15.0.28010.2046
MinimumVisualStudioVersion = 10.0.40219.1
Project("{E24C65DC-7377-472B-9ABA-BC803B73C61A}") = "app-1", ".", "{C5DF921B-E84C-4B3E-8327-C78A2ACFACE2}"
	ProjectSection(WebsiteProperties) = preProject
		TargetFrameworkMoniker = ".NETFramework,Version%3Dv4.0"
		Debug.AspNetCompiler.VirtualPath = "/localhost_49723"
		Debug.AspNetCompiler.PhysicalPath = "..\..\..\Dropbox\Karriar\academy\projects\Week5\Ovningar\app-1\"
		Debug.AspNetCompiler.TargetPath = "PrecompiledWeb\localhost_49723\"
		Debug.AspNetCompiler.Updateable = "true"
		Debug.AspNetCompiler.ForceOverwrite = "true"
		Debug.AspNetCompiler.FixedNames = "false"
		Debug.AspNetCompiler.Debug = "True"
		Release.AspNetCompiler.VirtualPath = "/localhost_49723"
		Release.AspNetCompiler.PhysicalPath = "..\..\..\Dropbox\Karriar\academy\projects\Week5\Ovningar\app-1\"
		Release.AspNetCompiler.TargetPath = "PrecompiledWeb\localhost_49723\"
		Release.AspNetCompiler.Updateable = "true"
		Release.AspNetCompiler.ForceOverwrite = "true"
		Release.AspNetCompiler.FixedNames = "false"
		Release.AspNetCompiler.Debug = "False"
		VWDPort = "49723"
	EndProjectSection
EndProject
Global
	GlobalSection(SolutionConfigurationPlatforms) = preSolution
		Debug|Any CPU = Debug|Any CPU
	EndGlobalSection
	GlobalSection(ProjectConfigurationPlatforms) = postSolution
		{C5DF921B-E84C-4B3E-8327-C78A2ACFACE2}.Debug|Any CPU.ActiveCfg = Debug|Any CPU
		{C5DF921B-E84C-4B3E-8327-C78A2ACFACE2}.Debug|Any CPU.Build.0 = Debug|Any CPU
	EndGlobalSection
	GlobalSection(SolutionProperties) = preSolution
		HideSolutionNode = FALSE
	EndGlobalSection
	GlobalSection(ExtensibilityGlobals) = postSolution
		SolutionGuid = {6881B62A-F3A5-472E-BF53-818EC8B8A033}
	EndGlobalSection
EndGlobal
